
Microsoft Visual Studio Solution File, Format Version 12.00
# Visual Studio Version 16
VisualStudioVersion = 16.0.29609.76
MinimumVisualStudioVersion = 10.0.40219.1
Project("{FAE04EC0-301F-11D3-BF4B-00C04F79EFBC}") = "Clase 22 Excepciones", "Clase 22 Excepciones\Clase 22 Excepciones.csproj", "{8C107761-E4D1-4D3B-9624-9C46C9DCD62A}"
EndProject
Global
	GlobalSection(SolutionConfigurationPlatforms) = preSolution
		Debug|Any CPU = Debug|Any CPU
		Release|Any CPU = Release|Any CPU
	EndGlobalSection
	GlobalSection(ProjectConfigurationPlatforms) = postSolution
		{8C107761-E4D1-4D3B-9624-9C46C9DCD62A}.Debug|Any CPU.ActiveCfg = Debug|Any CPU
		{8C107761-E4D1-4D3B-9624-9C46C9DCD62A}.Debug|Any CPU.Build.0 = Debug|Any CPU
		{8C107761-E4D1-4D3B-9624-9C46C9DCD62A}.Release|Any CPU.ActiveCfg = Release|Any CPU
		{8C107761-E4D1-4D3B-9624-9C46C9DCD62A}.Release|Any CPU.Build.0 = Release|Any CPU
	EndGlobalSection
	GlobalSection(SolutionProperties) = preSolution
		HideSolutionNode = FALSE
	EndGlobalSection
	GlobalSection(ExtensibilityGlobals) = postSolution
		SolutionGuid = {B56AA6EE-E970-4960-AE9A-722FF0CFD06B}
	EndGlobalSection
EndGlobal
