
Microsoft Visual Studio Solution File, Format Version 12.00
# Visual Studio Version 16
VisualStudioVersion = 16.0.29519.181
MinimumVisualStudioVersion = 10.0.40219.1
Project("{FAE04EC0-301F-11D3-BF4B-00C04F79EFBC}") = "Clase 3-7 Sintaxis basica", "Clase 3-7 Sintaxis basica\Clase 3-7 Sintaxis basica.csproj", "{7D51D46A-69E3-4239-80B1-21A621A5D76D}"
EndProject
Global
	GlobalSection(SolutionConfigurationPlatforms) = preSolution
		Debug|Any CPU = Debug|Any CPU
		Release|Any CPU = Release|Any CPU
	EndGlobalSection
	GlobalSection(ProjectConfigurationPlatforms) = postSolution
		{7D51D46A-69E3-4239-80B1-21A621A5D76D}.Debug|Any CPU.ActiveCfg = Debug|Any CPU
		{7D51D46A-69E3-4239-80B1-21A621A5D76D}.Debug|Any CPU.Build.0 = Debug|Any CPU
		{7D51D46A-69E3-4239-80B1-21A621A5D76D}.Release|Any CPU.ActiveCfg = Release|Any CPU
		{7D51D46A-69E3-4239-80B1-21A621A5D76D}.Release|Any CPU.Build.0 = Release|Any CPU
	EndGlobalSection
	GlobalSection(SolutionProperties) = preSolution
		HideSolutionNode = FALSE
	EndGlobalSection
	GlobalSection(ExtensibilityGlobals) = postSolution
		SolutionGuid = {F52ABC87-92B4-4437-9A40-9374D7D304B5}
	EndGlobalSection
EndGlobal
