
Microsoft Visual Studio Solution File, Format Version 12.00
# Visual Studio Version 16
VisualStudioVersion = 16.0.29609.76
MinimumVisualStudioVersion = 10.0.40219.1
Project("{FAE04EC0-301F-11D3-BF4B-00C04F79EFBC}") = "clase 23 - 24 Conflictos con varias excepciones", "clase 23 - 24 Conflictos con varias excepciones\clase 23 - 24 Conflictos con varias excepciones.csproj", "{C6EEDFE9-73AD-493D-8728-A8FDB718D73A}"
EndProject
Global
	GlobalSection(SolutionConfigurationPlatforms) = preSolution
		Debug|Any CPU = Debug|Any CPU
		Release|Any CPU = Release|Any CPU
	EndGlobalSection
	GlobalSection(ProjectConfigurationPlatforms) = postSolution
		{C6EEDFE9-73AD-493D-8728-A8FDB718D73A}.Debug|Any CPU.ActiveCfg = Debug|Any CPU
		{C6EEDFE9-73AD-493D-8728-A8FDB718D73A}.Debug|Any CPU.Build.0 = Debug|Any CPU
		{C6EEDFE9-73AD-493D-8728-A8FDB718D73A}.Release|Any CPU.ActiveCfg = Release|Any CPU
		{C6EEDFE9-73AD-493D-8728-A8FDB718D73A}.Release|Any CPU.Build.0 = Release|Any CPU
	EndGlobalSection
	GlobalSection(SolutionProperties) = preSolution
		HideSolutionNode = FALSE
	EndGlobalSection
	GlobalSection(ExtensibilityGlobals) = postSolution
		SolutionGuid = {54B8C375-23AC-4768-99B9-5CBC1F250B93}
	EndGlobalSection
EndGlobal
